// !$*UTF8*$!
{
	archiveVersion = 1;
	classes = {
	};
	objectVersion = 56;
	objects = {

/* Begin PBXBuildFile section */
		21552AB32AC126D100E5A67C /* TebakAngkaWatchOS Watch App.app in Embed Watch Content */ = {isa = PBXBuildFile; fileRef = 21552AB22AC126D100E5A67C /* TebakAngkaWatchOS Watch App.app */; settings = {ATTRIBUTES = (RemoveHeadersOnCopy, ); }; };
		21552AB82AC126D100E5A67C /* TebakAngkaWatchOSApp.swift in Sources */ = {isa = PBXBuildFile; fileRef = 21552AB72AC126D100E5A67C /* TebakAngkaWatchOSApp.swift */; };
		21552ABA2AC126D100E5A67C /* ContentView.swift in Sources */ = {isa = PBXBuildFile; fileRef = 21552AB92AC126D100E5A67C /* ContentView.swift */; };
		21552ABC2AC126D300E5A67C /* Assets.xcassets in Resources */ = {isa = PBXBuildFile; fileRef = 21552ABB2AC126D300E5A67C /* Assets.xcassets */; };
		21552ABF2AC126D300E5A67C /* Preview Assets.xcassets in Resources */ = {isa = PBXBuildFile; fileRef = 21552ABE2AC126D300E5A67C /* Preview Assets.xcassets */; };
/* End PBXBuildFile section */

/* Begin PBXContainerItemProxy section */
		21552AB42AC126D100E5A67C /* PBXContainerItemProxy */ = {
			isa = PBXContainerItemProxy;
			containerPortal = 21552AA62AC126D100E5A67C /* Project object */;
			proxyType = 1;
			remoteGlobalIDString = 21552AB12AC126D100E5A67C;
			remoteInfo = "TebakAngkaWatchOS Watch App";
		};
/* End PBXContainerItemProxy section */

/* Begin PBXCopyFilesBuildPhase section */
		21552AC52AC126D300E5A67C /* Embed Watch Content */ = {
			isa = PBXCopyFilesBuildPhase;
			buildActionMask = 2147483647;
			dstPath = "$(CONTENTS_FOLDER_PATH)/Watch";
			dstSubfolderSpec = 16;
			files = (
				21552AB32AC126D100E5A67C /* TebakAngkaWatchOS Watch App.app in Embed Watch Content */,
			);
			name = "Embed Watch Content";
			runOnlyForDeploymentPostprocessing = 0;
		};
/* End PBXCopyFilesBuildPhase section */

/* Begin PBXFileReference section */
		21552AAC2AC126D100E5A67C /* TebakAngkaWatchOS.app */ = {isa = PBXFileReference; explicitFileType = wrapper.application; includeInIndex = 0; path = TebakAngkaWatchOS.app; sourceTree = BUILT_PRODUCTS_DIR; };
		21552AB22AC126D100E5A67C /* TebakAngkaWatchOS Watch App.app */ = {isa = PBXFileReference; explicitFileType = wrapper.application; includeInIndex = 0; path = "TebakAngkaWatchOS Watch App.app"; sourceTree = BUILT_PRODUCTS_DIR; };
		21552AB72AC126D100E5A67C /* TebakAngkaWatchOSApp.swift */ = {isa = PBXFileReference; lastKnownFileType = sourcecode.swift; path = TebakAngkaWatchOSApp.swift; sourceTree = "<group>"; };
		21552AB92AC126D100E5A67C /* ContentView.swift */ = {isa = PBXFileReference; lastKnownFileType = sourcecode.swift; path = ContentView.swift; sourceTree = "<group>"; };
		21552ABB2AC126D300E5A67C /* Assets.xcassets */ = {isa = PBXFileReference; lastKnownFileType = folder.assetcatalog; path = Assets.xcassets; sourceTree = "<group>"; };
		21552ABE2AC126D300E5A67C /* Preview Assets.xcassets */ = {isa = PBXFileReference; lastKnownFileType = folder.assetcatalog; path = "Preview Assets.xcassets"; sourceTree = "<group>"; };
/* End PBXFileReference section */

/* Begin PBXFrameworksBuildPhase section */
		21552AAF2AC126D100E5A67C /* Frameworks */ = {
			isa = PBXFrameworksBuildPhase;
			buildActionMask = 2147483647;
			files = (
			);
			runOnlyForDeploymentPostprocessing = 0;
		};
/* End PBXFrameworksBuildPhase section */

/* Begin PBXGroup section */
		21552AA52AC126D100E5A67C = {
			isa = PBXGroup;
			children = (
				21552AB62AC126D100E5A67C /* TebakAngkaWatchOS Watch App */,
				21552AAD2AC126D100E5A67C /* Products */,
			);
			sourceTree = "<group>";
		};
		21552AAD2AC126D100E5A67C /* Products */ = {
			isa = PBXGroup;
			children = (
				21552AAC2AC126D100E5A67C /* TebakAngkaWatchOS.app */,
				21552AB22AC126D100E5A67C /* TebakAngkaWatchOS Watch App.app */,
			);
			name = Products;
			sourceTree = "<group>";
		};
		21552AB62AC126D100E5A67C /* TebakAngkaWatchOS Watch App */ = {
			isa = PBXGroup;
			children = (
				21552AB72AC126D100E5A67C /* TebakAngkaWatchOSApp.swift */,
				21552AB92AC126D100E5A67C /* ContentView.swift */,
				21552ABB2AC126D300E5A67C /* Assets.xcassets */,
				21552ABD2AC126D300E5A67C /* Preview Content */,
			);
			path = "TebakAngkaWatchOS Watch App";
			sourceTree = "<group>";
		};
		21552ABD2AC126D300E5A67C /* Preview Content */ = {
			isa = PBXGroup;
			children = (
				21552ABE2AC126D300E5A67C /* Preview Assets.xcassets */,
			);
			path = "Preview Content";
			sourceTree = "<group>";
		};
/* End PBXGroup section */

/* Begin PBXNativeTarget section */
		21552AAB2AC126D100E5A67C /* TebakAngkaWatchOS */ = {
			isa = PBXNativeTarget;
			buildConfigurationList = 21552AC62AC126D300E5A67C /* Build configuration list for PBXNativeTarget "TebakAngkaWatchOS" */;
			buildPhases = (
				21552AAA2AC126D100E5A67C /* Resources */,
				21552AC52AC126D300E5A67C /* Embed Watch Content */,
			);
			buildRules = (
			);
			dependencies = (
				21552AB52AC126D100E5A67C /* PBXTargetDependency */,
			);
			name = TebakAngkaWatchOS;
			productName = TebakAngkaWatchOS;
			productReference = 21552AAC2AC126D100E5A67C /* TebakAngkaWatchOS.app */;
			productType = "com.apple.product-type.application.watchapp2-container";
		};
		21552AB12AC126D100E5A67C /* TebakAngkaWatchOS Watch App */ = {
			isa = PBXNativeTarget;
			buildConfigurationList = 21552AC22AC126D300E5A67C /* Build configuration list for PBXNativeTarget "TebakAngkaWatchOS Watch App" */;
			buildPhases = (
				21552AAE2AC126D100E5A67C /* Sources */,
				21552AAF2AC126D100E5A67C /* Frameworks */,
				21552AB02AC126D100E5A67C /* Resources */,
			);
			buildRules = (
			);
			dependencies = (
			);
			name = "TebakAngkaWatchOS Watch App";
			productName = "TebakAngkaWatchOS Watch App";
			productReference = 21552AB22AC126D100E5A67C /* TebakAngkaWatchOS Watch App.app */;
			productType = "com.apple.product-type.application";
		};
/* End PBXNativeTarget section */

/* Begin PBXProject section */
		21552AA62AC126D100E5A67C /* Project object */ = {
			isa = PBXProject;
			attributes = {
				BuildIndependentTargetsInParallel = 1;
				LastSwiftUpdateCheck = 1430;
				LastUpgradeCheck = 1430;
				TargetAttributes = {
					21552AAB2AC126D100E5A67C = {
						CreatedOnToolsVersion = 14.3.1;
					};
					21552AB12AC126D100E5A67C = {
						CreatedOnToolsVersion = 14.3.1;
					};
				};
			};
			buildConfigurationList = 21552AA92AC126D100E5A67C /* Build configuration list for PBXProject "TebakAngkaWatchOS" */;
			compatibilityVersion = "Xcode 14.0";
			developmentRegion = en;
			hasScannedForEncodings = 0;
			knownRegions = (
				en,
				Base,
			);
			mainGroup = 21552AA52AC126D100E5A67C;
			productRefGroup = 21552AAD2AC126D100E5A67C /* Products */;
			projectDirPath = "";
			projectRoot = "";
			targets = (
				21552AAB2AC126D100E5A67C /* TebakAngkaWatchOS */,
				21552AB12AC126D100E5A67C /* TebakAngkaWatchOS Watch App */,
			);
		};
/* End PBXProject section */

/* Begin PBXResourcesBuildPhase section */
		21552AAA2AC126D100E5A67C /* Resources */ = {
			isa = PBXResourcesBuildPhase;
			buildActionMask = 2147483647;
			files = (
			);
			runOnlyForDeploymentPostprocessing = 0;
		};
		21552AB02AC126D100E5A67C /* Resources */ = {
			isa = PBXResourcesBuildPhase;
			buildActionMask = 2147483647;
			files = (
				21552ABF2AC126D300E5A67C /* Preview Assets.xcassets in Resources */,
				21552ABC2AC126D300E5A67C /* Assets.xcassets in Resources */,
			);
			runOnlyForDeploymentPostprocessing = 0;
		};
/* End PBXResourcesBuildPhase section */

/* Begin PBXSourcesBuildPhase section */
		21552AAE2AC126D100E5A67C /* Sources */ = {
			isa = PBXSourcesBuildPhase;
			buildActionMask = 2147483647;
			files = (
				21552ABA2AC126D100E5A67C /* ContentView.swift in Sources */,
				21552AB82AC126D100E5A67C /* TebakAngkaWatchOSApp.swift in Sources */,
			);
			runOnlyForDeploymentPostprocessing = 0;
		};
/* End PBXSourcesBuildPhase section */

/* Begin PBXTargetDependency section */
		21552AB52AC126D100E5A67C /* PBXTargetDependency */ = {
			isa = PBXTargetDependency;
			target = 21552AB12AC126D100E5A67C /* TebakAngkaWatchOS Watch App */;
			targetProxy = 21552AB42AC126D100E5A67C /* PBXContainerItemProxy */;
		};
/* End PBXTargetDependency section */

/* Begin XCBuildConfiguration section */
		21552AC02AC126D300E5A67C /* Debug */ = {
			isa = XCBuildConfiguration;
			buildSettings = {
				ALWAYS_SEARCH_USER_PATHS = NO;
				CLANG_ANALYZER_NONNULL = YES;
				CLANG_ANALYZER_NUMBER_OBJECT_CONVERSION = YES_AGGRESSIVE;
				CLANG_CXX_LANGUAGE_STANDARD = "gnu++20";
				CLANG_ENABLE_MODULES = YES;
				CLANG_ENABLE_OBJC_ARC = YES;
				CLANG_ENABLE_OBJC_WEAK = YES;
				CLANG_WARN_BLOCK_CAPTURE_AUTORELEASING = YES;
				CLANG_WARN_BOOL_CONVERSION = YES;
				CLANG_WARN_COMMA = YES;
				CLANG_WARN_CONSTANT_CONVERSION = YES;
				CLANG_WARN_DEPRECATED_OBJC_IMPLEMENTATIONS = YES;
				CLANG_WARN_DIRECT_OBJC_ISA_USAGE = YES_ERROR;
				CLANG_WARN_DOCUMENTATION_COMMENTS = YES;
				CLANG_WARN_EMPTY_BODY = YES;
				CLANG_WARN_ENUM_CONVERSION = YES;
				CLANG_WARN_INFINITE_RECURSION = YES;
				CLANG_WARN_INT_CONVERSION = YES;
				CLANG_WARN_NON_LITERAL_NULL_CONVERSION = YES;
				CLANG_WARN_OBJC_IMPLICIT_RETAIN_SELF = YES;
				CLANG_WARN_OBJC_LITERAL_CONVERSION = YES;
				CLANG_WARN_OBJC_ROOT_CLASS = YES_ERROR;
				CLANG_WARN_QUOTED_INCLUDE_IN_FRAMEWORK_HEADER = YES;
				CLANG_WARN_RANGE_LOOP_ANALYSIS = YES;
				CLANG_WARN_STRICT_PROTOTYPES = YES;
				CLANG_WARN_SUSPICIOUS_MOVE = YES;
				CLANG_WARN_UNGUARDED_AVAILABILITY = YES_AGGRESSIVE;
				CLANG_WARN_UNREACHABLE_CODE = YES;
				CLANG_WARN__DUPLICATE_METHOD_MATCH = YES;
				COPY_PHASE_STRIP = NO;
				DEBUG_INFORMATION_FORMAT = dwarf;
				ENABLE_STRICT_OBJC_MSGSEND = YES;
				ENABLE_TESTABILITY = YES;
				GCC_C_LANGUAGE_STANDARD = gnu11;
				GCC_DYNAMIC_NO_PIC = NO;
				GCC_NO_COMMON_BLOCKS = YES;
				GCC_OPTIMIZATION_LEVEL = 0;
				GCC_PREPROCESSOR_DEFINITIONS = (
					"DEBUG=1",
					"$(inherited)",
				);
				GCC_WARN_64_TO_32_BIT_CONVERSION = YES;
				GCC_WARN_ABOUT_RETURN_TYPE = YES_ERROR;
				GCC_WARN_UNDECLARED_SELECTOR = YES;
				GCC_WARN_UNINITIALIZED_AUTOS = YES_AGGRESSIVE;
				GCC_WARN_UNUSED_FUNCTION = YES;
				GCC_WARN_UNUSED_VARIABLE = YES;
				MTL_ENABLE_DEBUG_INFO = INCLUDE_SOURCE;
				MTL_FAST_MATH = YES;
				ONLY_ACTIVE_ARCH = YES;
				SWIFT_ACTIVE_COMPILATION_CONDITIONS = DEBUG;
				SWIFT_OPTIMIZATION_LEVEL = "-Onone";
			};
			name = Debug;
		};
		21552AC12AC126D300E5A67C /* Release */ = {
			isa = XCBuildConfiguration;
			buildSettings = {
				ALWAYS_SEARCH_USER_PATHS = NO;
				CLANG_ANALYZER_NONNULL = YES;
				CLANG_ANALYZER_NUMBER_OBJECT_CONVERSION = YES_AGGRESSIVE;
				CLANG_CXX_LANGUAGE_STANDARD = "gnu++20";
				CLANG_ENABLE_MODULES = YES;
				CLANG_ENABLE_OBJC_ARC = YES;
				CLANG_ENABLE_OBJC_WEAK = YES;
				CLANG_WARN_BLOCK_CAPTURE_AUTORELEASING = YES;
				CLANG_WARN_BOOL_CONVERSION = YES;
				CLANG_WARN_COMMA = YES;
				CLANG_WARN_CONSTANT_CONVERSION = YES;
				CLANG_WARN_DEPRECATED_OBJC_IMPLEMENTATIONS = YES;
				CLANG_WARN_DIRECT_OBJC_ISA_USAGE = YES_ERROR;
				CLANG_WARN_DOCUMENTATION_COMMENTS = YES;
				CLANG_WARN_EMPTY_BODY = YES;
				CLANG_WARN_ENUM_CONVERSION = YES;
				CLANG_WARN_INFINITE_RECURSION = YES;
				CLANG_WARN_INT_CONVERSION = YES;
				CLANG_WARN_NON_LITERAL_NULL_CONVERSION = YES;
				CLANG_WARN_OBJC_IMPLICIT_RETAIN_SELF = YES;
				CLANG_WARN_OBJC_LITERAL_CONVERSION = YES;
				CLANG_WARN_OBJC_ROOT_CLASS = YES_ERROR;
				CLANG_WARN_QUOTED_INCLUDE_IN_FRAMEWORK_HEADER = YES;
				CLANG_WARN_RANGE_LOOP_ANALYSIS = YES;
				CLANG_WARN_STRICT_PROTOTYPES = YES;
				CLANG_WARN_SUSPICIOUS_MOVE = YES;
				CLANG_WARN_UNGUARDED_AVAILABILITY = YES_AGGRESSIVE;
				CLANG_WARN_UNREACHABLE_CODE = YES;
				CLANG_WARN__DUPLICATE_METHOD_MATCH = YES;
				COPY_PHASE_STRIP = NO;
				DEBUG_INFORMATION_FORMAT = "dwarf-with-dsym";
				ENABLE_NS_ASSERTIONS = NO;
				ENABLE_STRICT_OBJC_MSGSEND = YES;
				GCC_C_LANGUAGE_STANDARD = gnu11;
				GCC_NO_COMMON_BLOCKS = YES;
				GCC_WARN_64_TO_32_BIT_CONVERSION = YES;
				GCC_WARN_ABOUT_RETURN_TYPE = YES_ERROR;
				GCC_WARN_UNDECLARED_SELECTOR = YES;
				GCC_WARN_UNINITIALIZED_AUTOS = YES_AGGRESSIVE;
				GCC_WARN_UNUSED_FUNCTION = YES;
				GCC_WARN_UNUSED_VARIABLE = YES;
				MTL_ENABLE_DEBUG_INFO = NO;
				MTL_FAST_MATH = YES;
				SWIFT_COMPILATION_MODE = wholemodule;
				SWIFT_OPTIMIZATION_LEVEL = "-O";
			};
			name = Release;
		};
		21552AC32AC126D300E5A67C /* Debug */ = {
			isa = XCBuildConfiguration;
			buildSettings = {
				ASSETCATALOG_COMPILER_APPICON_NAME = AppIcon;
				ASSETCATALOG_COMPILER_GLOBAL_ACCENT_COLOR_NAME = AccentColor;
				CODE_SIGN_STYLE = Automatic;
				CURRENT_PROJECT_VERSION = 1;
				DEVELOPMENT_ASSET_PATHS = "\"TebakAngkaWatchOS Watch App/Preview Content\"";
				DEVELOPMENT_TEAM = L295MT4VTH;
				ENABLE_PREVIEWS = YES;
				GENERATE_INFOPLIST_FILE = YES;
				INFOPLIST_KEY_CFBundleDisplayName = TebakAngkaWatchOS;
				INFOPLIST_KEY_UISupportedInterfaceOrientations = "UIInterfaceOrientationPortrait UIInterfaceOrientationPortraitUpsideDown";
				INFOPLIST_KEY_WKWatchOnly = YES;
				LD_RUNPATH_SEARCH_PATHS = (
					"$(inherited)",
					"@executable_path/Frameworks",
				);
				MARKETING_VERSION = 1.0;
				PRODUCT_BUNDLE_IDENTIFIER = PieterNatanael.TebakAngkaWatchOS.watchkitapp;
				PRODUCT_NAME = "$(TARGET_NAME)";
				SDKROOT = watchos;
				SKIP_INSTALL = YES;
				SWIFT_EMIT_LOC_STRINGS = YES;
				SWIFT_VERSION = 5.0;
				TARGETED_DEVICE_FAMILY = 4;
				WATCHOS_DEPLOYMENT_TARGET = 9.4;
			};
			name = Debug;
		};
		21552AC42AC126D300E5A67C /* Release */ = {
			isa = XCBuildConfiguration;
			buildSettings = {
				ASSETCATALOG_COMPILER_APPICON_NAME = AppIcon;
				ASSETCATALOG_COMPILER_GLOBAL_ACCENT_COLOR_NAME = AccentColor;
				CODE_SIGN_STYLE = Automatic;
				CURRENT_PROJECT_VERSION = 1;
				DEVELOPMENT_ASSET_PATHS = "\"TebakAngkaWatchOS Watch App/Preview Content\"";
				DEVELOPMENT_TEAM = L295MT4VTH;
				ENABLE_PREVIEWS = YES;
				GENERATE_INFOPLIST_FILE = YES;
				INFOPLIST_KEY_CFBundleDisplayName = TebakAngkaWatchOS;
				INFOPLIST_KEY_UISupportedInterfaceOrientations = "UIInterfaceOrientationPortrait UIInterfaceOrientationPortraitUpsideDown";
				INFOPLIST_KEY_WKWatchOnly = YES;
				LD_RUNPATH_SEARCH_PATHS = (
					"$(inherited)",
					"@executable_path/Frameworks",
				);
				MARKETING_VERSION = 1.0;
				PRODUCT_BUNDLE_IDENTIFIER = PieterNatanael.TebakAngkaWatchOS.watchkitapp;
				PRODUCT_NAME = "$(TARGET_NAME)";
				SDKROOT = watchos;
				SKIP_INSTALL = YES;
				SWIFT_EMIT_LOC_STRINGS = YES;
				SWIFT_VERSION = 5.0;
				TARGETED_DEVICE_FAMILY = 4;
				VALIDATE_PRODUCT = YES;
				WATCHOS_DEPLOYMENT_TARGET = 9.4;
			};
			name = Release;
		};
		21552AC72AC126D300E5A67C /* Debug */ = {
			isa = XCBuildConfiguration;
			buildSettings = {
				ALWAYS_EMBED_SWIFT_STANDARD_LIBRARIES = YES;
				CODE_SIGN_STYLE = Automatic;
				CURRENT_PROJECT_VERSION = 1;
				DEVELOPMENT_TEAM = L295MT4VTH;
				INFOPLIST_KEY_CFBundleDisplayName = TebakAngkaWatchOS;
				MARKETING_VERSION = 1.0;
				PRODUCT_BUNDLE_IDENTIFIER = PieterNatanael.TebakAngkaWatchOS;
				PRODUCT_NAME = "$(TARGET_NAME)";
				SDKROOT = iphoneos;
				SWIFT_VERSION = 5.0;
			};
			name = Debug;
		};
		21552AC82AC126D300E5A67C /* Release */ = {
			isa = XCBuildConfiguration;
			buildSettings = {
				ALWAYS_EMBED_SWIFT_STANDARD_LIBRARIES = YES;
				CODE_SIGN_STYLE = Automatic;
				CURRENT_PROJECT_VERSION = 1;
				DEVELOPMENT_TEAM = L295MT4VTH;
				INFOPLIST_KEY_CFBundleDisplayName = TebakAngkaWatchOS;
				MARKETING_VERSION = 1.0;
				PRODUCT_BUNDLE_IDENTIFIER = PieterNatanael.TebakAngkaWatchOS;
				PRODUCT_NAME = "$(TARGET_NAME)";
				SDKROOT = iphoneos;
				SWIFT_VERSION = 5.0;
				VALIDATE_PRODUCT = YES;
			};
			name = Release;
		};
/* End XCBuildConfiguration section */

/* Begin XCConfigurationList section */
		21552AA92AC126D100E5A67C /* Build configuration list for PBXProject "TebakAngkaWatchOS" */ = {
			isa = XCConfigurationList;
			buildConfigurations = (
				21552AC02AC126D300E5A67C /* Debug */,
				21552AC12AC126D300E5A67C /* Release */,
			);
			defaultConfigurationIsVisible = 0;
			defaultConfigurationName = Release;
		};
		21552AC22AC126D300E5A67C /* Build configuration list for PBXNativeTarget "TebakAngkaWatchOS Watch App" */ = {
			isa = XCConfigurationList;
			buildConfigurations = (
				21552AC32AC126D300E5A67C /* Debug */,
				21552AC42AC126D300E5A67C /* Release */,
			);
			defaultConfigurationIsVisible = 0;
			defaultConfigurationName = Release;
		};
		21552AC62AC126D300E5A67C /* Build configuration list for PBXNativeTarget "TebakAngkaWatchOS" */ = {
			isa = XCConfigurationList;
			buildConfigurations = (
				21552AC72AC126D300E5A67C /* Debug */,
				21552AC82AC126D300E5A67C /* Release */,
			);
			defaultConfigurationIsVisible = 0;
			defaultConfigurationName = Release;
		};
/* End XCConfigurationList section */
	};
	rootObject = 21552AA62AC126D100E5A67C /* Project object */;
}
